// !$*UTF8*$!
{
	archiveVersion = 1;
	classes = {
	};
	objectVersion = 55;
	objects = {

/* Begin PBXBuildFile section */
		5A59D7A827B588D6002A6DDC /* DopostApp.swift in Sources */ = {isa = PBXBuildFile; fileRef = 5A59D7A727B588D6002A6DDC /* DopostApp.swift */; };
		5A59D7AA27B588D6002A6DDC /* ContentView.swift in Sources */ = {isa = PBXBuildFile; fileRef = 5A59D7A927B588D6002A6DDC /* ContentView.swift */; };
		5A59D7AC27B588D8002A6DDC /* Assets.xcassets in Resources */ = {isa = PBXBuildFile; fileRef = 5A59D7AB27B588D8002A6DDC /* Assets.xcassets */; };
		5A59D7AF27B588D8002A6DDC /* Preview Assets.xcassets in Resources */ = {isa = PBXBuildFile; fileRef = 5A59D7AE27B588D8002A6DDC /* Preview Assets.xcassets */; };
		5A59D7BA27B58E2E002A6DDC /* AppDelegate.swift in Sources */ = {isa = PBXBuildFile; fileRef = 5A59D7B927B58E2E002A6DDC /* AppDelegate.swift */; };
		5A88AAC927C8AE7700C8F762 /* KeyboardShortcuts in Frameworks */ = {isa = PBXBuildFile; productRef = 5A88AAC827C8AE7700C8F762 /* KeyboardShortcuts */; };
		5A88AACB27C8AEA100C8F762 /* Constants.swift in Sources */ = {isa = PBXBuildFile; fileRef = 5A88AACA27C8AEA100C8F762 /* Constants.swift */; };
/* End PBXBuildFile section */

/* Begin PBXFileReference section */
		5A59D7A427B588D6002A6DDC /* Dopost.app */ = {isa = PBXFileReference; explicitFileType = wrapper.application; includeInIndex = 0; path = Dopost.app; sourceTree = BUILT_PRODUCTS_DIR; };
		5A59D7A727B588D6002A6DDC /* DopostApp.swift */ = {isa = PBXFileReference; lastKnownFileType = sourcecode.swift; path = DopostApp.swift; sourceTree = "<group>"; };
		5A59D7A927B588D6002A6DDC /* ContentView.swift */ = {isa = PBXFileReference; lastKnownFileType = sourcecode.swift; path = ContentView.swift; sourceTree = "<group>"; };
		5A59D7AB27B588D8002A6DDC /* Assets.xcassets */ = {isa = PBXFileReference; lastKnownFileType = folder.assetcatalog; path = Assets.xcassets; sourceTree = "<group>"; };
		5A59D7AE27B588D8002A6DDC /* Preview Assets.xcassets */ = {isa = PBXFileReference; lastKnownFileType = folder.assetcatalog; path = "Preview Assets.xcassets"; sourceTree = "<group>"; };
		5A59D7B027B588D8002A6DDC /* Dopost.entitlements */ = {isa = PBXFileReference; lastKnownFileType = text.plist.entitlements; path = Dopost.entitlements; sourceTree = "<group>"; };
		5A59D7B827B58DF7002A6DDC /* Info.plist */ = {isa = PBXFileReference; lastKnownFileType = text.plist; path = Info.plist; sourceTree = "<group>"; };
		5A59D7B927B58E2E002A6DDC /* AppDelegate.swift */ = {isa = PBXFileReference; lastKnownFileType = sourcecode.swift; path = AppDelegate.swift; sourceTree = "<group>"; };
		5A88AACA27C8AEA100C8F762 /* Constants.swift */ = {isa = PBXFileReference; lastKnownFileType = sourcecode.swift; path = Constants.swift; sourceTree = "<group>"; };
/* End PBXFileReference section */

/* Begin PBXFrameworksBuildPhase section */
		5A59D7A127B588D6002A6DDC /* Frameworks */ = {
			isa = PBXFrameworksBuildPhase;
			buildActionMask = 2147483647;
			files = (
				5A88AAC927C8AE7700C8F762 /* KeyboardShortcuts in Frameworks */,
			);
			runOnlyForDeploymentPostprocessing = 0;
		};
/* End PBXFrameworksBuildPhase section */

/* Begin PBXGroup section */
		5A59D79B27B588D6002A6DDC = {
			isa = PBXGroup;
			children = (
				5A59D7A627B588D6002A6DDC /* Dopost */,
				5A59D7A527B588D6002A6DDC /* Products */,
			);
			sourceTree = "<group>";
		};
		5A59D7A527B588D6002A6DDC /* Products */ = {
			isa = PBXGroup;
			children = (
				5A59D7A427B588D6002A6DDC /* Dopost.app */,
			);
			name = Products;
			sourceTree = "<group>";
		};
		5A59D7A627B588D6002A6DDC /* Dopost */ = {
			isa = PBXGroup;
			children = (
				5A59D7B827B58DF7002A6DDC /* Info.plist */,
				5A59D7A727B588D6002A6DDC /* DopostApp.swift */,
				5A59D7A927B588D6002A6DDC /* ContentView.swift */,
				5A59D7B927B58E2E002A6DDC /* AppDelegate.swift */,
				5A88AACA27C8AEA100C8F762 /* Constants.swift */,
				5A59D7AB27B588D8002A6DDC /* Assets.xcassets */,
				5A59D7B027B588D8002A6DDC /* Dopost.entitlements */,
				5A59D7AD27B588D8002A6DDC /* Preview Content */,
			);
			path = Dopost;
			sourceTree = "<group>";
		};
		5A59D7AD27B588D8002A6DDC /* Preview Content */ = {
			isa = PBXGroup;
			children = (
				5A59D7AE27B588D8002A6DDC /* Preview Assets.xcassets */,
			);
			path = "Preview Content";
			sourceTree = "<group>";
		};
/* End PBXGroup section */

/* Begin PBXNativeTarget section */
		5A59D7A327B588D6002A6DDC /* Dopost */ = {
			isa = PBXNativeTarget;
			buildConfigurationList = 5A59D7B327B588D8002A6DDC /* Build configuration list for PBXNativeTarget "Dopost" */;
			buildPhases = (
				5A59D7A027B588D6002A6DDC /* Sources */,
				5A59D7A127B588D6002A6DDC /* Frameworks */,
				5A59D7A227B588D6002A6DDC /* Resources */,
			);
			buildRules = (
			);
			dependencies = (
			);
			name = Dopost;
			packageProductDependencies = (
				5A88AAC827C8AE7700C8F762 /* KeyboardShortcuts */,
			);
			productName = Dopost;
			productReference = 5A59D7A427B588D6002A6DDC /* Dopost.app */;
			productType = "com.apple.product-type.application";
		};
/* End PBXNativeTarget section */

/* Begin PBXProject section */
		5A59D79C27B588D6002A6DDC /* Project object */ = {
			isa = PBXProject;
			attributes = {
				BuildIndependentTargetsInParallel = 1;
				LastSwiftUpdateCheck = 1310;
				LastUpgradeCheck = 1310;
				TargetAttributes = {
					5A59D7A327B588D6002A6DDC = {
						CreatedOnToolsVersion = 13.1;
					};
				};
			};
			buildConfigurationList = 5A59D79F27B588D6002A6DDC /* Build configuration list for PBXProject "Dopost" */;
			compatibilityVersion = "Xcode 13.0";
			developmentRegion = en;
			hasScannedForEncodings = 0;
			knownRegions = (
				en,
				Base,
			);
			mainGroup = 5A59D79B27B588D6002A6DDC;
			packageReferences = (
				5A88AAC727C8AE7700C8F762 /* XCRemoteSwiftPackageReference "KeyboardShortcuts" */,
			);
			productRefGroup = 5A59D7A527B588D6002A6DDC /* Products */;
			projectDirPath = "";
			projectRoot = "";
			targets = (
				5A59D7A327B588D6002A6DDC /* Dopost */,
			);
		};
/* End PBXProject section */

/* Begin PBXResourcesBuildPhase section */
		5A59D7A227B588D6002A6DDC /* Resources */ = {
			isa = PBXResourcesBuildPhase;
			buildActionMask = 2147483647;
			files = (
				5A59D7AF27B588D8002A6DDC /* Preview Assets.xcassets in Resources */,
				5A59D7AC27B588D8002A6DDC /* Assets.xcassets in Resources */,
			);
			runOnlyForDeploymentPostprocessing = 0;
		};
/* End PBXResourcesBuildPhase section */

/* Begin PBXSourcesBuildPhase section */
		5A59D7A027B588D6002A6DDC /* Sources */ = {
			isa = PBXSourcesBuildPhase;
			buildActionMask = 2147483647;
			files = (
				5A59D7BA27B58E2E002A6DDC /* AppDelegate.swift in Sources */,
				5A59D7AA27B588D6002A6DDC /* ContentView.swift in Sources */,
				5A59D7A827B588D6002A6DDC /* DopostApp.swift in Sources */,
				5A88AACB27C8AEA100C8F762 /* Constants.swift in Sources */,
			);
			runOnlyForDeploymentPostprocessing = 0;
		};
/* End PBXSourcesBuildPhase section */

/* Begin XCBuildConfiguration section */
		5A59D7B127B588D8002A6DDC /* Debug */ = {
			isa = XCBuildConfiguration;
			buildSettings = {
				ALWAYS_SEARCH_USER_PATHS = NO;
				CLANG_ANALYZER_NONNULL = YES;
				CLANG_ANALYZER_NUMBER_OBJECT_CONVERSION = YES_AGGRESSIVE;
				CLANG_CXX_LANGUAGE_STANDARD = "gnu++17";
				CLANG_CXX_LIBRARY = "libc++";
				CLANG_ENABLE_MODULES = YES;
				CLANG_ENABLE_OBJC_ARC = YES;
				CLANG_ENABLE_OBJC_WEAK = YES;
				CLANG_WARN_BLOCK_CAPTURE_AUTORELEASING = YES;
				CLANG_WARN_BOOL_CONVERSION = YES;
				CLANG_WARN_COMMA = YES;
				CLANG_WARN_CONSTANT_CONVERSION = YES;
				CLANG_WARN_DEPRECATED_OBJC_IMPLEMENTATIONS = YES;
				CLANG_WARN_DIRECT_OBJC_ISA_USAGE = YES_ERROR;
				CLANG_WARN_DOCUMENTATION_COMMENTS = YES;
				CLANG_WARN_EMPTY_BODY = YES;
				CLANG_WARN_ENUM_CONVERSION = YES;
				CLANG_WARN_INFINITE_RECURSION = YES;
				CLANG_WARN_INT_CONVERSION = YES;
				CLANG_WARN_NON_LITERAL_NULL_CONVERSION = YES;
				CLANG_WARN_OBJC_IMPLICIT_RETAIN_SELF = YES;
				CLANG_WARN_OBJC_LITERAL_CONVERSION = YES;
				CLANG_WARN_OBJC_ROOT_CLASS = YES_ERROR;
				CLANG_WARN_QUOTED_INCLUDE_IN_FRAMEWORK_HEADER = YES;
				CLANG_WARN_RANGE_LOOP_ANALYSIS = YES;
				CLANG_WARN_STRICT_PROTOTYPES = YES;
				CLANG_WARN_SUSPICIOUS_MOVE = YES;
				CLANG_WARN_UNGUARDED_AVAILABILITY = YES_AGGRESSIVE;
				CLANG_WARN_UNREACHABLE_CODE = YES;
				CLANG_WARN__DUPLICATE_METHOD_MATCH = YES;
				COPY_PHASE_STRIP = NO;
				DEBUG_INFORMATION_FORMAT = dwarf;
				ENABLE_STRICT_OBJC_MSGSEND = YES;
				ENABLE_TESTABILITY = YES;
				GCC_C_LANGUAGE_STANDARD = gnu11;
				GCC_DYNAMIC_NO_PIC = NO;
				GCC_NO_COMMON_BLOCKS = YES;
				GCC_OPTIMIZATION_LEVEL = 0;
				GCC_PREPROCESSOR_DEFINITIONS = (
					"DEBUG=1",
					"$(inherited)",
				);
				GCC_WARN_64_TO_32_BIT_CONVERSION = YES;
				GCC_WARN_ABOUT_RETURN_TYPE = YES_ERROR;
				GCC_WARN_UNDECLARED_SELECTOR = YES;
				GCC_WARN_UNINITIALIZED_AUTOS = YES_AGGRESSIVE;
				GCC_WARN_UNUSED_FUNCTION = YES;
				GCC_WARN_UNUSED_VARIABLE = YES;
				MACOSX_DEPLOYMENT_TARGET = 11.0;
				MTL_ENABLE_DEBUG_INFO = INCLUDE_SOURCE;
				MTL_FAST_MATH = YES;
				ONLY_ACTIVE_ARCH = YES;
				SDKROOT = macosx;
				SWIFT_ACTIVE_COMPILATION_CONDITIONS = DEBUG;
				SWIFT_OPTIMIZATION_LEVEL = "-Onone";
			};
			name = Debug;
		};
		5A59D7B227B588D8002A6DDC /* Release */ = {
			isa = XCBuildConfiguration;
			buildSettings = {
				ALWAYS_SEARCH_USER_PATHS = NO;
				CLANG_ANALYZER_NONNULL = YES;
				CLANG_ANALYZER_NUMBER_OBJECT_CONVERSION = YES_AGGRESSIVE;
				CLANG_CXX_LANGUAGE_STANDARD = "gnu++17";
				CLANG_CXX_LIBRARY = "libc++";
				CLANG_ENABLE_MODULES = YES;
				CLANG_ENABLE_OBJC_ARC = YES;
				CLANG_ENABLE_OBJC_WEAK = YES;
				CLANG_WARN_BLOCK_CAPTURE_AUTORELEASING = YES;
				CLANG_WARN_BOOL_CONVERSION = YES;
				CLANG_WARN_COMMA = YES;
				CLANG_WARN_CONSTANT_CONVERSION = YES;
				CLANG_WARN_DEPRECATED_OBJC_IMPLEMENTATIONS = YES;
				CLANG_WARN_DIRECT_OBJC_ISA_USAGE = YES_ERROR;
				CLANG_WARN_DOCUMENTATION_COMMENTS = YES;
				CLANG_WARN_EMPTY_BODY = YES;
				CLANG_WARN_ENUM_CONVERSION = YES;
				CLANG_WARN_INFINITE_RECURSION = YES;
				CLANG_WARN_INT_CONVERSION = YES;
				CLANG_WARN_NON_LITERAL_NULL_CONVERSION = YES;
				CLANG_WARN_OBJC_IMPLICIT_RETAIN_SELF = YES;
				CLANG_WARN_OBJC_LITERAL_CONVERSION = YES;
				CLANG_WARN_OBJC_ROOT_CLASS = YES_ERROR;
				CLANG_WARN_QUOTED_INCLUDE_IN_FRAMEWORK_HEADER = YES;
				CLANG_WARN_RANGE_LOOP_ANALYSIS = YES;
				CLANG_WARN_STRICT_PROTOTYPES = YES;
				CLANG_WARN_SUSPICIOUS_MOVE = YES;
				CLANG_WARN_UNGUARDED_AVAILABILITY = YES_AGGRESSIVE;
				CLANG_WARN_UNREACHABLE_CODE = YES;
				CLANG_WARN__DUPLICATE_METHOD_MATCH = YES;
				COPY_PHASE_STRIP = NO;
				DEBUG_INFORMATION_FORMAT = "dwarf-with-dsym";
				ENABLE_NS_ASSERTIONS = NO;
				ENABLE_STRICT_OBJC_MSGSEND = YES;
				GCC_C_LANGUAGE_STANDARD = gnu11;
				GCC_NO_COMMON_BLOCKS = YES;
				GCC_WARN_64_TO_32_BIT_CONVERSION = YES;
				GCC_WARN_ABOUT_RETURN_TYPE = YES_ERROR;
				GCC_WARN_UNDECLARED_SELECTOR = YES;
				GCC_WARN_UNINITIALIZED_AUTOS = YES_AGGRESSIVE;
				GCC_WARN_UNUSED_FUNCTION = YES;
				GCC_WARN_UNUSED_VARIABLE = YES;
				MACOSX_DEPLOYMENT_TARGET = 11.0;
				MTL_ENABLE_DEBUG_INFO = NO;
				MTL_FAST_MATH = YES;
				SDKROOT = macosx;
				SWIFT_COMPILATION_MODE = wholemodule;
				SWIFT_OPTIMIZATION_LEVEL = "-O";
			};
			name = Release;
		};
		5A59D7B427B588D8002A6DDC /* Debug */ = {
			isa = XCBuildConfiguration;
			buildSettings = {
				ASSETCATALOG_COMPILER_APPICON_NAME = AppIcon;
				ASSETCATALOG_COMPILER_GLOBAL_ACCENT_COLOR_NAME = AccentColor;
				CODE_SIGN_ENTITLEMENTS = Dopost/Dopost.entitlements;
				CODE_SIGN_IDENTITY = "Apple Development";
				CODE_SIGN_STYLE = Automatic;
				COMBINE_HIDPI_IMAGES = YES;
				CURRENT_PROJECT_VERSION = 1;
				DEVELOPMENT_ASSET_PATHS = "\"Dopost/Preview Content\"";
				DEVELOPMENT_TEAM = 34NJBRFDU4;
				ENABLE_HARDENED_RUNTIME = YES;
				ENABLE_PREVIEWS = YES;
				GENERATE_INFOPLIST_FILE = YES;
				INFOPLIST_FILE = Dopost/Info.plist;
				INFOPLIST_KEY_LSApplicationCategoryType = "public.app-category.productivity";
				INFOPLIST_KEY_NSHumanReadableCopyright = "";
				LD_RUNPATH_SEARCH_PATHS = (
					"$(inherited)",
					"@executable_path/../Frameworks",
				);
				MARKETING_VERSION = 1.0;
				PRODUCT_BUNDLE_IDENTIFIER = com.egorpekhota.Dopost;
				PRODUCT_NAME = "$(TARGET_NAME)";
				SWIFT_EMIT_LOC_STRINGS = YES;
				SWIFT_VERSION = 5.0;
			};
			name = Debug;
		};
		5A59D7B527B588D8002A6DDC /* Release */ = {
			isa = XCBuildConfiguration;
			buildSettings = {
				ASSETCATALOG_COMPILER_APPICON_NAME = AppIcon;
				ASSETCATALOG_COMPILER_GLOBAL_ACCENT_COLOR_NAME = AccentColor;
				CODE_SIGN_ENTITLEMENTS = Dopost/Dopost.entitlements;
				CODE_SIGN_IDENTITY = "Apple Development";
				CODE_SIGN_STYLE = Automatic;
				COMBINE_HIDPI_IMAGES = YES;
				CURRENT_PROJECT_VERSION = 1;
				DEVELOPMENT_ASSET_PATHS = "\"Dopost/Preview Content\"";
				DEVELOPMENT_TEAM = 34NJBRFDU4;
				ENABLE_HARDENED_RUNTIME = YES;
				ENABLE_PREVIEWS = YES;
				GENERATE_INFOPLIST_FILE = YES;
				INFOPLIST_FILE = Dopost/Info.plist;
				INFOPLIST_KEY_LSApplicationCategoryType = "public.app-category.productivity";
				INFOPLIST_KEY_NSHumanReadableCopyright = "";
				LD_RUNPATH_SEARCH_PATHS = (
					"$(inherited)",
					"@executable_path/../Frameworks",
				);
				MARKETING_VERSION = 1.0;
				PRODUCT_BUNDLE_IDENTIFIER = com.egorpekhota.Dopost;
				PRODUCT_NAME = "$(TARGET_NAME)";
				SWIFT_EMIT_LOC_STRINGS = YES;
				SWIFT_VERSION = 5.0;
			};
			name = Release;
		};
/* End XCBuildConfiguration section */

/* Begin XCConfigurationList section */
		5A59D79F27B588D6002A6DDC /* Build configuration list for PBXProject "Dopost" */ = {
			isa = XCConfigurationList;
			buildConfigurations = (
				5A59D7B127B588D8002A6DDC /* Debug */,
				5A59D7B227B588D8002A6DDC /* Release */,
			);
			defaultConfigurationIsVisible = 0;
			defaultConfigurationName = Release;
		};
		5A59D7B327B588D8002A6DDC /* Build configuration list for PBXNativeTarget "Dopost" */ = {
			isa = XCConfigurationList;
			buildConfigurations = (
				5A59D7B427B588D8002A6DDC /* Debug */,
				5A59D7B527B588D8002A6DDC /* Release */,
			);
			defaultConfigurationIsVisible = 0;
			defaultConfigurationName = Release;
		};
/* End XCConfigurationList section */

/* Begin XCRemoteSwiftPackageReference section */
		5A88AAC727C8AE7700C8F762 /* XCRemoteSwiftPackageReference "KeyboardShortcuts" */ = {
			isa = XCRemoteSwiftPackageReference;
			repositoryURL = "https://github.com/sindresorhus/KeyboardShortcuts";
			requirement = {
				kind = upToNextMinorVersion;
				minimumVersion = 1.4.0;
			};
		};
/* End XCRemoteSwiftPackageReference section */

/* Begin XCSwiftPackageProductDependency section */
		5A88AAC827C8AE7700C8F762 /* KeyboardShortcuts */ = {
			isa = XCSwiftPackageProductDependency;
			package = 5A88AAC727C8AE7700C8F762 /* XCRemoteSwiftPackageReference "KeyboardShortcuts" */;
			productName = KeyboardShortcuts;
		};
/* End XCSwiftPackageProductDependency section */
	};
	rootObject = 5A59D79C27B588D6002A6DDC /* Project object */;
}
