{
  "object": {
    "pins": [
      {
        "package": "KeyboardShortcuts",
        "repositoryURL": "https://github.com/sindresorhus/KeyboardShortcuts",
        "state": {
          "branch": null,
          "revision": "9bc72c441c713362a137ecbb4104920655a9aa5e",
          "version": "1.4.0"
        }
      }
    ]
  },
  "version": 1
}
